schema: '2.0'
stages:
  data_ingestion:
    cmd: python src/cnn/pipeline/pipeline_dataingestion.py
    deps:
    - path: config/config.yaml
      hash: md5
      md5: 8937c4c1a220ba81efc431ed38ae42fb
      size: 578
    - path: src/cnn/pipeline/pipeline_dataingestion.py
      hash: md5
      md5: 8eab6febd02a0ac300b5e23c7f5e6716
      size: 796
    outs:
    - path: artifacts/data_ingestion/Chest-CT-Scan-data
      hash: md5
      md5: 904fa45d934ce879b3b1933dca6cb2f1.dir
      size: 49247431
      nfiles: 343
  prepare_base_model:
    cmd: python src/cnn/pipeline/pipeline_prepare_base_model.py
    deps:
    - path: config/config.yaml
      hash: md5
      md5: 8937c4c1a220ba81efc431ed38ae42fb
      size: 578
    - path: src/cnn/pipeline/pipeline_prepare_base_model.py
      hash: md5
      md5: 09883815386181c51c7e5f2a901588e4
      size: 906
    params:
      params.yaml:
        CLASSES: 2
        IMAGE_SIZE:
        - 224
        - 224
        - 3
        INCLUDE_TOP: false
        LEARNING_RATE: 0.01
        WEIGHTS: imagenet
    outs:
    - path: artifacts/base_model
      hash: md5
      md5: ef1e964c15eb68143baedeec2ed5f5a9.dir
      size: 118054560
      nfiles: 2
  training:
    cmd: python src/cnn/pipeline/pipeline_training.py
    deps:
    - path: config/config.yaml
      hash: md5
      md5: 8937c4c1a220ba81efc431ed38ae42fb
      size: 578
    - path: src/cnn/pipeline/pipeline_training.py
      hash: md5
      md5: 8143f99a61dcd3f45000fb1b2e2fef9c
      size: 865
    params:
      params.yaml:
        AUGMENTATION: true
        BATCH_SIZE: 16
        EPOCHS: 1
        IMAGE_SIZE:
        - 224
        - 224
        - 3
        LEARNING_RATE: 0.01
    outs:
    - path: artifacts/training/trained_model.h5
      hash: md5
      md5: 139610885306e8ceb302a618b2775402
      size: 59337520
  evaluation:
    cmd: python src/cnn/pipeline/pipeline_evaluation_mlflow.py
    deps:
    - path: artifacts/data_ingestion/Chest-CT-Scan-data
      hash: md5
      md5: 904fa45d934ce879b3b1933dca6cb2f1.dir
      size: 49247431
      nfiles: 343
    - path: artifacts/training/trained_model.h5
      hash: md5
      md5: 139610885306e8ceb302a618b2775402
      size: 59337520
    - path: config/config.yaml
      hash: md5
      md5: 8937c4c1a220ba81efc431ed38ae42fb
      size: 578
    - path: src/cnn/pipeline/pipeline_evaluation_mlflow.py
      hash: md5
      md5: 405a3722c67477b9fb52bc1bb2c6e40f
      size: 1089
    params:
      params.yaml:
        BATCH_SIZE: 16
        IMAGE_SIZE:
        - 224
        - 224
        - 3
    outs:
    - path: scores.json
      hash: md5
      md5: 2239299963a0de832d8a425d20b795ef
      size: 72
